
Microsoft Visual Studio Solution File, Format Version 12.00
# Visual Studio 15
Project("{FAE04EC0-301F-11D3-BF4B-00C04F79EFBC}") = "Spenser'sChallange", "Spenser'sChallange.csproj", "{58910BAE-36A9-3498-B08D-59775F027DC7}"
EndProject
Global
	GlobalSection(SolutionConfigurationPlatforms) = preSolution
		Debug|Any CPU = Debug|Any CPU
		Release|Any CPU = Release|Any CPU
	EndGlobalSection
	GlobalSection(ProjectConfigurationPlatforms) = postSolution
		{58910BAE-36A9-3498-B08D-59775F027DC7}.Debug|Any CPU.ActiveCfg = Debug|Any CPU
		{58910BAE-36A9-3498-B08D-59775F027DC7}.Debug|Any CPU.Build.0 = Debug|Any CPU
		{58910BAE-36A9-3498-B08D-59775F027DC7}.Release|Any CPU.ActiveCfg = Release|Any CPU
		{58910BAE-36A9-3498-B08D-59775F027DC7}.Release|Any CPU.Build.0 = Release|Any CPU
	EndGlobalSection
	GlobalSection(SolutionProperties) = preSolution
		HideSolutionNode = FALSE
	EndGlobalSection
EndGlobal
